// !$*UTF8*$!
{
	archiveVersion = 1;
	classes = {
	};
	objectVersion = 50;
	objects = {

/* Begin PBXBuildFile section */
		AA113CDA211E43B4002F5D92 /* AppDelegate.swift in Sources */ = {isa = PBXBuildFile; fileRef = AA113CD9211E43B4002F5D92 /* AppDelegate.swift */; };
		AA113CDF211E43B4002F5D92 /* Main.storyboard in Resources */ = {isa = PBXBuildFile; fileRef = AA113CDD211E43B4002F5D92 /* Main.storyboard */; };
		AA113CE1211E43B8002F5D92 /* Assets.xcassets in Resources */ = {isa = PBXBuildFile; fileRef = AA113CE0211E43B8002F5D92 /* Assets.xcassets */; };
		AA113CE4211E43B8002F5D92 /* LaunchScreen.storyboard in Resources */ = {isa = PBXBuildFile; fileRef = AA113CE2211E43B8002F5D92 /* LaunchScreen.storyboard */; };
		AA113CEF211E43B9002F5D92 /* LoadMAPUITests.swift in Sources */ = {isa = PBXBuildFile; fileRef = AA113CEE211E43B9002F5D92 /* LoadMAPUITests.swift */; };
		AA3228F62129263100E3BED7 /* UIColorExtension.swift in Sources */ = {isa = PBXBuildFile; fileRef = AA3228F52129263100E3BED7 /* UIColorExtension.swift */; };
		AA3228F8212928CA00E3BED7 /* PlaceViewController.swift in Sources */ = {isa = PBXBuildFile; fileRef = AA3228F7212928CA00E3BED7 /* PlaceViewController.swift */; };
		AA3228FB21292A3F00E3BED7 /* PlaceView.swift in Sources */ = {isa = PBXBuildFile; fileRef = AA3228FA21292A3F00E3BED7 /* PlaceView.swift */; };
		AA3228FD21292BD900E3BED7 /* PlaceViewModel.swift in Sources */ = {isa = PBXBuildFile; fileRef = AA3228FC21292BD900E3BED7 /* PlaceViewModel.swift */; };
		AA3228FF21292E5600E3BED7 /* PropertyList.swift in Sources */ = {isa = PBXBuildFile; fileRef = AA3228FE21292E5600E3BED7 /* PropertyList.swift */; };
		AA397D0F211E46BF008D9B8F /* LoadMAPKit.framework in Frameworks */ = {isa = PBXBuildFile; fileRef = AA397D06211E46BE008D9B8F /* LoadMAPKit.framework */; };
		AA397D16211E46BF008D9B8F /* LoadMAPKitTests.swift in Sources */ = {isa = PBXBuildFile; fileRef = AA397D15211E46BF008D9B8F /* LoadMAPKitTests.swift */; };
		AA397D18211E46BF008D9B8F /* LoadMAPKit.h in Headers */ = {isa = PBXBuildFile; fileRef = AA397D08211E46BF008D9B8F /* LoadMAPKit.h */; settings = {ATTRIBUTES = (Public, ); }; };
		AA397D1B211E46BF008D9B8F /* LoadMAPKit.framework in Frameworks */ = {isa = PBXBuildFile; fileRef = AA397D06211E46BE008D9B8F /* LoadMAPKit.framework */; };
		AA397D1C211E46BF008D9B8F /* LoadMAPKit.framework in Embed Frameworks */ = {isa = PBXBuildFile; fileRef = AA397D06211E46BE008D9B8F /* LoadMAPKit.framework */; settings = {ATTRIBUTES = (CodeSignOnCopy, RemoveHeadersOnCopy, ); }; };
		AA397D32211E5986008D9B8F /* Appliable.swift in Sources */ = {isa = PBXBuildFile; fileRef = AA397D2C211E5490008D9B8F /* Appliable.swift */; };
		AA397D33211E598D008D9B8F /* MapToolbar.swift in Sources */ = {isa = PBXBuildFile; fileRef = AA397D30211E55BE008D9B8F /* MapToolbar.swift */; };
		AA397D34211E5991008D9B8F /* MapViewController.swift in Sources */ = {isa = PBXBuildFile; fileRef = AA397D29211E47FB008D9B8F /* MapViewController.swift */; };
		AA397D3A211E7179008D9B8F /* RxSwift.framework in Frameworks */ = {isa = PBXBuildFile; fileRef = AA397D36211E7179008D9B8F /* RxSwift.framework */; };
		AA397D3B211E7179008D9B8F /* SnapKit.framework in Frameworks */ = {isa = PBXBuildFile; fileRef = AA397D37211E7179008D9B8F /* SnapKit.framework */; };
		AA397D3C211E7179008D9B8F /* RealmSwift.framework in Frameworks */ = {isa = PBXBuildFile; fileRef = AA397D38211E7179008D9B8F /* RealmSwift.framework */; };
		AA397D3D211E7179008D9B8F /* Realm.framework in Frameworks */ = {isa = PBXBuildFile; fileRef = AA397D39211E7179008D9B8F /* Realm.framework */; };
		AA397D43211E740D008D9B8F /* Assets.xcassets in Resources */ = {isa = PBXBuildFile; fileRef = AA397D42211E740D008D9B8F /* Assets.xcassets */; };
		AA397D47211E75E3008D9B8F /* TargetListViewController.swift in Sources */ = {isa = PBXBuildFile; fileRef = AA397D46211E75E3008D9B8F /* TargetListViewController.swift */; };
		AA397D51211E7AEB008D9B8F /* TargetEntity.swift in Sources */ = {isa = PBXBuildFile; fileRef = AA397D50211E7AEB008D9B8F /* TargetEntity.swift */; };
		AA397D56211E7D96008D9B8F /* TargetRepository.swift in Sources */ = {isa = PBXBuildFile; fileRef = AA397D55211E7D96008D9B8F /* TargetRepository.swift */; };
		AA397D58211E7E35008D9B8F /* TargetListViewModel.swift in Sources */ = {isa = PBXBuildFile; fileRef = AA397D57211E7E35008D9B8F /* TargetListViewModel.swift */; };
		AA397D5A211E7FD9008D9B8F /* ApplicationError.swift in Sources */ = {isa = PBXBuildFile; fileRef = AA397D59211E7FD9008D9B8F /* ApplicationError.swift */; };
		AA397D60211E9699008D9B8F /* TargetListViewModelTest.swift in Sources */ = {isa = PBXBuildFile; fileRef = AA397D5F211E9699008D9B8F /* TargetListViewModelTest.swift */; };
		AA397D62211E980E008D9B8F /* Realm.framework in Copy Frameworks */ = {isa = PBXBuildFile; fileRef = AA397D39211E7179008D9B8F /* Realm.framework */; settings = {ATTRIBUTES = (CodeSignOnCopy, RemoveHeadersOnCopy, ); }; };
		AA397D63211E980E008D9B8F /* RealmSwift.framework in Copy Frameworks */ = {isa = PBXBuildFile; fileRef = AA397D38211E7179008D9B8F /* RealmSwift.framework */; settings = {ATTRIBUTES = (CodeSignOnCopy, RemoveHeadersOnCopy, ); }; };
		AA397D64211E980E008D9B8F /* RxSwift.framework in Copy Frameworks */ = {isa = PBXBuildFile; fileRef = AA397D36211E7179008D9B8F /* RxSwift.framework */; settings = {ATTRIBUTES = (CodeSignOnCopy, RemoveHeadersOnCopy, ); }; };
		AA397D65211E980E008D9B8F /* SnapKit.framework in Copy Frameworks */ = {isa = PBXBuildFile; fileRef = AA397D37211E7179008D9B8F /* SnapKit.framework */; settings = {ATTRIBUTES = (CodeSignOnCopy, RemoveHeadersOnCopy, ); }; };
		AA397D68211E9819008D9B8F /* RxTest.framework in Frameworks */ = {isa = PBXBuildFile; fileRef = AA397D66211E9818008D9B8F /* RxTest.framework */; };
		AA397D69211E9819008D9B8F /* RxBlocking.framework in Frameworks */ = {isa = PBXBuildFile; fileRef = AA397D67211E9818008D9B8F /* RxBlocking.framework */; };
		AA397D6E211E9CF3008D9B8F /* RxTest.framework in Copy Frameworks */ = {isa = PBXBuildFile; fileRef = AA397D66211E9818008D9B8F /* RxTest.framework */; settings = {ATTRIBUTES = (CodeSignOnCopy, RemoveHeadersOnCopy, ); }; };
		AA397D6F211E9D0A008D9B8F /* RxBlocking.framework in Copy Frameworks */ = {isa = PBXBuildFile; fileRef = AA397D67211E9818008D9B8F /* RxBlocking.framework */; settings = {ATTRIBUTES = (CodeSignOnCopy, RemoveHeadersOnCopy, ); }; };
		AA397D73211EAFD8008D9B8F /* UUIDGenerator.swift in Sources */ = {isa = PBXBuildFile; fileRef = AA397D72211EAFD8008D9B8F /* UUIDGenerator.swift */; };
		AA397D75211EB1E3008D9B8F /* DateGenerator.swift in Sources */ = {isa = PBXBuildFile; fileRef = AA397D74211EB1E3008D9B8F /* DateGenerator.swift */; };
		AA397D78211EB2D3008D9B8F /* TargetListView.swift in Sources */ = {isa = PBXBuildFile; fileRef = AA397D77211EB2D3008D9B8F /* TargetListView.swift */; };
		AA397D7B211EB4FB008D9B8F /* UICollectionViewExtension.swift in Sources */ = {isa = PBXBuildFile; fileRef = AA397D7A211EB4FB008D9B8F /* UICollectionViewExtension.swift */; };
		AA397D7D211EC33C008D9B8F /* UserDefaultsExtension.swift in Sources */ = {isa = PBXBuildFile; fileRef = AA397D7C211EC33C008D9B8F /* UserDefaultsExtension.swift */; };
		AA397D7F211EDD0E008D9B8F /* PlaceEntity.swift in Sources */ = {isa = PBXBuildFile; fileRef = AA397D7E211EDD0E008D9B8F /* PlaceEntity.swift */; };
		AA397D82211EE085008D9B8F /* PlaceRepository.swift in Sources */ = {isa = PBXBuildFile; fileRef = AA397D81211EE085008D9B8F /* PlaceRepository.swift */; };
		AA397D832123EB00008D9B8F /* Realm.framework in Frameworks */ = {isa = PBXBuildFile; fileRef = AA397D39211E7179008D9B8F /* Realm.framework */; };
		AA397D842123EB00008D9B8F /* RealmSwift.framework in Frameworks */ = {isa = PBXBuildFile; fileRef = AA397D38211E7179008D9B8F /* RealmSwift.framework */; };
		AAF887E821255463004EB703 /* WebService.swift in Sources */ = {isa = PBXBuildFile; fileRef = AAF887E721255463004EB703 /* WebService.swift */; };
		AAF887EF2127D5FA004EB703 /* JSON.swift in Sources */ = {isa = PBXBuildFile; fileRef = AAF887EE2127D5FA004EB703 /* JSON.swift */; };
		AAF887F12129117E004EB703 /* MapViewModel.swift in Sources */ = {isa = PBXBuildFile; fileRef = AAF887F02129117E004EB703 /* MapViewModel.swift */; };
/* End PBXBuildFile section */

/* Begin PBXContainerItemProxy section */
		AA113CEB211E43B9002F5D92 /* PBXContainerItemProxy */ = {
			isa = PBXContainerItemProxy;
			containerPortal = AA113CCE211E43B4002F5D92 /* Project object */;
			proxyType = 1;
			remoteGlobalIDString = AA113CD5211E43B4002F5D92;
			remoteInfo = LoadMAP;
		};
		AA397D10211E46BF008D9B8F /* PBXContainerItemProxy */ = {
			isa = PBXContainerItemProxy;
			containerPortal = AA113CCE211E43B4002F5D92 /* Project object */;
			proxyType = 1;
			remoteGlobalIDString = AA397D05211E46BE008D9B8F;
			remoteInfo = LoadMAPKit;
		};
		AA397D12211E46BF008D9B8F /* PBXContainerItemProxy */ = {
			isa = PBXContainerItemProxy;
			containerPortal = AA113CCE211E43B4002F5D92 /* Project object */;
			proxyType = 1;
			remoteGlobalIDString = AA113CD5211E43B4002F5D92;
			remoteInfo = LoadMAP;
		};
		AA397D19211E46BF008D9B8F /* PBXContainerItemProxy */ = {
			isa = PBXContainerItemProxy;
			containerPortal = AA113CCE211E43B4002F5D92 /* Project object */;
			proxyType = 1;
			remoteGlobalIDString = AA397D05211E46BE008D9B8F;
			remoteInfo = LoadMAPKit;
		};
/* End PBXContainerItemProxy section */

/* Begin PBXCopyFilesBuildPhase section */
		AA397D20211E46BF008D9B8F /* Embed Frameworks */ = {
			isa = PBXCopyFilesBuildPhase;
			buildActionMask = 2147483647;
			dstPath = "";
			dstSubfolderSpec = 10;
			files = (
				AA397D1C211E46BF008D9B8F /* LoadMAPKit.framework in Embed Frameworks */,
			);
			name = "Embed Frameworks";
			runOnlyForDeploymentPostprocessing = 0;
		};
		AA397D61211E978B008D9B8F /* Copy Frameworks */ = {
			isa = PBXCopyFilesBuildPhase;
			buildActionMask = 2147483647;
			dstPath = "";
			dstSubfolderSpec = 10;
			files = (
				AA397D62211E980E008D9B8F /* Realm.framework in Copy Frameworks */,
				AA397D63211E980E008D9B8F /* RealmSwift.framework in Copy Frameworks */,
				AA397D6F211E9D0A008D9B8F /* RxBlocking.framework in Copy Frameworks */,
				AA397D64211E980E008D9B8F /* RxSwift.framework in Copy Frameworks */,
				AA397D6E211E9CF3008D9B8F /* RxTest.framework in Copy Frameworks */,
				AA397D65211E980E008D9B8F /* SnapKit.framework in Copy Frameworks */,
			);
			name = "Copy Frameworks";
			runOnlyForDeploymentPostprocessing = 0;
		};
/* End PBXCopyFilesBuildPhase section */

/* Begin PBXFileReference section */
		AA113CD6211E43B4002F5D92 /* LoadMAP.app */ = {isa = PBXFileReference; explicitFileType = wrapper.application; includeInIndex = 0; path = LoadMAP.app; sourceTree = BUILT_PRODUCTS_DIR; };
		AA113CD9211E43B4002F5D92 /* AppDelegate.swift */ = {isa = PBXFileReference; lastKnownFileType = sourcecode.swift; path = AppDelegate.swift; sourceTree = "<group>"; };
		AA113CDE211E43B4002F5D92 /* Base */ = {isa = PBXFileReference; lastKnownFileType = file.storyboard; name = Base; path = Base.lproj/Main.storyboard; sourceTree = "<group>"; };
		AA113CE0211E43B8002F5D92 /* Assets.xcassets */ = {isa = PBXFileReference; lastKnownFileType = folder.assetcatalog; path = Assets.xcassets; sourceTree = "<group>"; };
		AA113CE3211E43B8002F5D92 /* Base */ = {isa = PBXFileReference; lastKnownFileType = file.storyboard; name = Base; path = Base.lproj/LaunchScreen.storyboard; sourceTree = "<group>"; };
		AA113CE5211E43B8002F5D92 /* Info.plist */ = {isa = PBXFileReference; lastKnownFileType = text.plist.xml; path = Info.plist; sourceTree = "<group>"; };
		AA113CEA211E43B9002F5D92 /* LoadMAPUITests.xctest */ = {isa = PBXFileReference; explicitFileType = wrapper.cfbundle; includeInIndex = 0; path = LoadMAPUITests.xctest; sourceTree = BUILT_PRODUCTS_DIR; };
		AA113CEE211E43B9002F5D92 /* LoadMAPUITests.swift */ = {isa = PBXFileReference; lastKnownFileType = sourcecode.swift; path = LoadMAPUITests.swift; sourceTree = "<group>"; };
		AA113CF0211E43B9002F5D92 /* Info.plist */ = {isa = PBXFileReference; lastKnownFileType = text.plist.xml; path = Info.plist; sourceTree = "<group>"; };
		AA3228F52129263100E3BED7 /* UIColorExtension.swift */ = {isa = PBXFileReference; lastKnownFileType = sourcecode.swift; path = UIColorExtension.swift; sourceTree = "<group>"; };
		AA3228F7212928CA00E3BED7 /* PlaceViewController.swift */ = {isa = PBXFileReference; lastKnownFileType = sourcecode.swift; path = PlaceViewController.swift; sourceTree = "<group>"; };
		AA3228FA21292A3F00E3BED7 /* PlaceView.swift */ = {isa = PBXFileReference; lastKnownFileType = sourcecode.swift; path = PlaceView.swift; sourceTree = "<group>"; };
		AA3228FC21292BD900E3BED7 /* PlaceViewModel.swift */ = {isa = PBXFileReference; lastKnownFileType = sourcecode.swift; path = PlaceViewModel.swift; sourceTree = "<group>"; };
		AA3228FE21292E5600E3BED7 /* PropertyList.swift */ = {isa = PBXFileReference; lastKnownFileType = sourcecode.swift; path = PropertyList.swift; sourceTree = "<group>"; };
		AA397D06211E46BE008D9B8F /* LoadMAPKit.framework */ = {isa = PBXFileReference; explicitFileType = wrapper.framework; includeInIndex = 0; path = LoadMAPKit.framework; sourceTree = BUILT_PRODUCTS_DIR; };
		AA397D08211E46BF008D9B8F /* LoadMAPKit.h */ = {isa = PBXFileReference; lastKnownFileType = sourcecode.c.h; path = LoadMAPKit.h; sourceTree = "<group>"; };
		AA397D09211E46BF008D9B8F /* Info.plist */ = {isa = PBXFileReference; lastKnownFileType = text.plist.xml; path = Info.plist; sourceTree = "<group>"; };
		AA397D0E211E46BF008D9B8F /* LoadMAPKitTests.xctest */ = {isa = PBXFileReference; explicitFileType = wrapper.cfbundle; includeInIndex = 0; path = LoadMAPKitTests.xctest; sourceTree = BUILT_PRODUCTS_DIR; };
		AA397D15211E46BF008D9B8F /* LoadMAPKitTests.swift */ = {isa = PBXFileReference; lastKnownFileType = sourcecode.swift; path = LoadMAPKitTests.swift; sourceTree = "<group>"; };
		AA397D17211E46BF008D9B8F /* Info.plist */ = {isa = PBXFileReference; lastKnownFileType = text.plist.xml; path = Info.plist; sourceTree = "<group>"; };
		AA397D29211E47FB008D9B8F /* MapViewController.swift */ = {isa = PBXFileReference; lastKnownFileType = sourcecode.swift; path = MapViewController.swift; sourceTree = "<group>"; };
		AA397D2C211E5490008D9B8F /* Appliable.swift */ = {isa = PBXFileReference; lastKnownFileType = sourcecode.swift; path = Appliable.swift; sourceTree = "<group>"; };
		AA397D30211E55BE008D9B8F /* MapToolbar.swift */ = {isa = PBXFileReference; lastKnownFileType = sourcecode.swift; path = MapToolbar.swift; sourceTree = "<group>"; };
		AA397D36211E7179008D9B8F /* RxSwift.framework */ = {isa = PBXFileReference; lastKnownFileType = wrapper.framework; name = RxSwift.framework; path = Carthage/Build/iOS/RxSwift.framework; sourceTree = "<group>"; };
		AA397D37211E7179008D9B8F /* SnapKit.framework */ = {isa = PBXFileReference; lastKnownFileType = wrapper.framework; name = SnapKit.framework; path = Carthage/Build/iOS/SnapKit.framework; sourceTree = "<group>"; };
		AA397D38211E7179008D9B8F /* RealmSwift.framework */ = {isa = PBXFileReference; lastKnownFileType = wrapper.framework; name = RealmSwift.framework; path = Carthage/Build/iOS/RealmSwift.framework; sourceTree = "<group>"; };
		AA397D39211E7179008D9B8F /* Realm.framework */ = {isa = PBXFileReference; lastKnownFileType = wrapper.framework; name = Realm.framework; path = Carthage/Build/iOS/Realm.framework; sourceTree = "<group>"; };
		AA397D42211E740D008D9B8F /* Assets.xcassets */ = {isa = PBXFileReference; lastKnownFileType = folder.assetcatalog; path = Assets.xcassets; sourceTree = "<group>"; };
		AA397D46211E75E3008D9B8F /* TargetListViewController.swift */ = {isa = PBXFileReference; lastKnownFileType = sourcecode.swift; path = TargetListViewController.swift; sourceTree = "<group>"; };
		AA397D50211E7AEB008D9B8F /* TargetEntity.swift */ = {isa = PBXFileReference; lastKnownFileType = sourcecode.swift; path = TargetEntity.swift; sourceTree = "<group>"; };
		AA397D55211E7D96008D9B8F /* TargetRepository.swift */ = {isa = PBXFileReference; lastKnownFileType = sourcecode.swift; path = TargetRepository.swift; sourceTree = "<group>"; };
		AA397D57211E7E35008D9B8F /* TargetListViewModel.swift */ = {isa = PBXFileReference; lastKnownFileType = sourcecode.swift; path = TargetListViewModel.swift; sourceTree = "<group>"; };
		AA397D59211E7FD9008D9B8F /* ApplicationError.swift */ = {isa = PBXFileReference; lastKnownFileType = sourcecode.swift; path = ApplicationError.swift; sourceTree = "<group>"; };
		AA397D5F211E9699008D9B8F /* TargetListViewModelTest.swift */ = {isa = PBXFileReference; lastKnownFileType = sourcecode.swift; path = TargetListViewModelTest.swift; sourceTree = "<group>"; };
		AA397D66211E9818008D9B8F /* RxTest.framework */ = {isa = PBXFileReference; lastKnownFileType = wrapper.framework; name = RxTest.framework; path = Carthage/Build/iOS/RxTest.framework; sourceTree = "<group>"; };
		AA397D67211E9818008D9B8F /* RxBlocking.framework */ = {isa = PBXFileReference; lastKnownFileType = wrapper.framework; name = RxBlocking.framework; path = Carthage/Build/iOS/RxBlocking.framework; sourceTree = "<group>"; };
		AA397D72211EAFD8008D9B8F /* UUIDGenerator.swift */ = {isa = PBXFileReference; lastKnownFileType = sourcecode.swift; path = UUIDGenerator.swift; sourceTree = "<group>"; };
		AA397D74211EB1E3008D9B8F /* DateGenerator.swift */ = {isa = PBXFileReference; lastKnownFileType = sourcecode.swift; path = DateGenerator.swift; sourceTree = "<group>"; };
		AA397D77211EB2D3008D9B8F /* TargetListView.swift */ = {isa = PBXFileReference; lastKnownFileType = sourcecode.swift; path = TargetListView.swift; sourceTree = "<group>"; };
		AA397D7A211EB4FB008D9B8F /* UICollectionViewExtension.swift */ = {isa = PBXFileReference; lastKnownFileType = sourcecode.swift; path = UICollectionViewExtension.swift; sourceTree = "<group>"; };
		AA397D7C211EC33C008D9B8F /* UserDefaultsExtension.swift */ = {isa = PBXFileReference; lastKnownFileType = sourcecode.swift; path = UserDefaultsExtension.swift; sourceTree = "<group>"; };
		AA397D7E211EDD0E008D9B8F /* PlaceEntity.swift */ = {isa = PBXFileReference; lastKnownFileType = sourcecode.swift; path = PlaceEntity.swift; sourceTree = "<group>"; };
		AA397D81211EE085008D9B8F /* PlaceRepository.swift */ = {isa = PBXFileReference; lastKnownFileType = sourcecode.swift; path = PlaceRepository.swift; sourceTree = "<group>"; };
		AAF887E721255463004EB703 /* WebService.swift */ = {isa = PBXFileReference; lastKnownFileType = sourcecode.swift; path = WebService.swift; sourceTree = "<group>"; };
		AAF887EE2127D5FA004EB703 /* JSON.swift */ = {isa = PBXFileReference; lastKnownFileType = sourcecode.swift; path = JSON.swift; sourceTree = "<group>"; };
		AAF887F02129117E004EB703 /* MapViewModel.swift */ = {isa = PBXFileReference; lastKnownFileType = sourcecode.swift; path = MapViewModel.swift; sourceTree = "<group>"; };
/* End PBXFileReference section */

/* Begin PBXFrameworksBuildPhase section */
		AA113CD3211E43B4002F5D92 /* Frameworks */ = {
			isa = PBXFrameworksBuildPhase;
			buildActionMask = 2147483647;
			files = (
				AA397D1B211E46BF008D9B8F /* LoadMAPKit.framework in Frameworks */,
				AA397D832123EB00008D9B8F /* Realm.framework in Frameworks */,
				AA397D842123EB00008D9B8F /* RealmSwift.framework in Frameworks */,
			);
			runOnlyForDeploymentPostprocessing = 0;
		};
		AA113CE7211E43B9002F5D92 /* Frameworks */ = {
			isa = PBXFrameworksBuildPhase;
			buildActionMask = 2147483647;
			files = (
			);
			runOnlyForDeploymentPostprocessing = 0;
		};
		AA397D02211E46BE008D9B8F /* Frameworks */ = {
			isa = PBXFrameworksBuildPhase;
			buildActionMask = 2147483647;
			files = (
				AA397D3A211E7179008D9B8F /* RxSwift.framework in Frameworks */,
				AA397D3B211E7179008D9B8F /* SnapKit.framework in Frameworks */,
				AA397D3D211E7179008D9B8F /* Realm.framework in Frameworks */,
				AA397D3C211E7179008D9B8F /* RealmSwift.framework in Frameworks */,
			);
			runOnlyForDeploymentPostprocessing = 0;
		};
		AA397D0B211E46BF008D9B8F /* Frameworks */ = {
			isa = PBXFrameworksBuildPhase;
			buildActionMask = 2147483647;
			files = (
				AA397D0F211E46BF008D9B8F /* LoadMAPKit.framework in Frameworks */,
				AA397D68211E9819008D9B8F /* RxTest.framework in Frameworks */,
				AA397D69211E9819008D9B8F /* RxBlocking.framework in Frameworks */,
			);
			runOnlyForDeploymentPostprocessing = 0;
		};
/* End PBXFrameworksBuildPhase section */

/* Begin PBXGroup section */
		AA113CCD211E43B4002F5D92 = {
			isa = PBXGroup;
			children = (
				AA113CD8211E43B4002F5D92 /* LoadMAP */,
				AA113CED211E43B9002F5D92 /* LoadMAPUITests */,
				AA397D07211E46BF008D9B8F /* LoadMAPKit */,
				AA397D14211E46BF008D9B8F /* LoadMAPKitTests */,
				AA113CD7211E43B4002F5D92 /* Products */,
				AA397D35211E7179008D9B8F /* Frameworks */,
			);
			sourceTree = "<group>";
		};
		AA113CD7211E43B4002F5D92 /* Products */ = {
			isa = PBXGroup;
			children = (
				AA113CD6211E43B4002F5D92 /* LoadMAP.app */,
				AA113CEA211E43B9002F5D92 /* LoadMAPUITests.xctest */,
				AA397D06211E46BE008D9B8F /* LoadMAPKit.framework */,
				AA397D0E211E46BF008D9B8F /* LoadMAPKitTests.xctest */,
			);
			name = Products;
			sourceTree = "<group>";
		};
		AA113CD8211E43B4002F5D92 /* LoadMAP */ = {
			isa = PBXGroup;
			children = (
				AA113CD9211E43B4002F5D92 /* AppDelegate.swift */,
				AA113CDD211E43B4002F5D92 /* Main.storyboard */,
				AA113CE0211E43B8002F5D92 /* Assets.xcassets */,
				AA113CE2211E43B8002F5D92 /* LaunchScreen.storyboard */,
				AA113CE5211E43B8002F5D92 /* Info.plist */,
			);
			path = LoadMAP;
			sourceTree = "<group>";
		};
		AA113CED211E43B9002F5D92 /* LoadMAPUITests */ = {
			isa = PBXGroup;
			children = (
				AA113CEE211E43B9002F5D92 /* LoadMAPUITests.swift */,
				AA113CF0211E43B9002F5D92 /* Info.plist */,
			);
			path = LoadMAPUITests;
			sourceTree = "<group>";
		};
		AA3228F9212928D300E3BED7 /* Place */ = {
			isa = PBXGroup;
			children = (
				AA3228F7212928CA00E3BED7 /* PlaceViewController.swift */,
				AA3228FC21292BD900E3BED7 /* PlaceViewModel.swift */,
			);
			path = Place;
			sourceTree = "<group>";
		};
		AA397D07211E46BF008D9B8F /* LoadMAPKit */ = {
			isa = PBXGroup;
			children = (
				AA397D41211E73FF008D9B8F /* Resources */,
				AA397D40211E73F2008D9B8F /* Sources */,
				AA397D08211E46BF008D9B8F /* LoadMAPKit.h */,
				AA397D09211E46BF008D9B8F /* Info.plist */,
			);
			path = LoadMAPKit;
			sourceTree = "<group>";
		};
		AA397D14211E46BF008D9B8F /* LoadMAPKitTests */ = {
			isa = PBXGroup;
			children = (
				AA397D6A211E9AD1008D9B8F /* TestHelpers */,
				AA397D5C211E966A008D9B8F /* Presentation */,
				AA397D15211E46BF008D9B8F /* LoadMAPKitTests.swift */,
				AA397D17211E46BF008D9B8F /* Info.plist */,
			);
			path = LoadMAPKitTests;
			sourceTree = "<group>";
		};
		AA397D24211E46E1008D9B8F /* Application */ = {
			isa = PBXGroup;
			children = (
				AA397D80211EDDDA008D9B8F /* DependencyInjection */,
				AA397D79211EB4EC008D9B8F /* Extensions */,
				AA397D2B211E5485008D9B8F /* Protocols */,
			);
			path = Application;
			sourceTree = "<group>";
		};
		AA397D25211E46E9008D9B8F /* Presentation */ = {
			isa = PBXGroup;
			children = (
				AA397D2E211E55A7008D9B8F /* Atoms */,
				AA397D2F211E55AC008D9B8F /* Molecules */,
				AA397D76211EB2C3008D9B8F /* Templates */,
				AA397D28211E47F2008D9B8F /* Pages */,
			);
			path = Presentation;
			sourceTree = "<group>";
		};
		AA397D26211E46F0008D9B8F /* Infrastructure */ = {
			isa = PBXGroup;
			children = (
				AAF887ED2127D5F3004EB703 /* Models */,
				AAF887E521255437004EB703 /* Database */,
				AAF887E421255410004EB703 /* Web */,
				AA397D54211E7D89008D9B8F /* Repositories */,
			);
			path = Infrastructure;
			sourceTree = "<group>";
		};
		AA397D27211E46F9008D9B8F /* Domain */ = {
			isa = PBXGroup;
			children = (
				AA397D5B211E7FDE008D9B8F /* Models */,
			);
			path = Domain;
			sourceTree = "<group>";
		};
		AA397D28211E47F2008D9B8F /* Pages */ = {
			isa = PBXGroup;
			children = (
				AA3228F9212928D300E3BED7 /* Place */,
				AA397D48211E786E008D9B8F /* Map */,
				AA397D49211E7879008D9B8F /* TargetList */,
			);
			path = Pages;
			sourceTree = "<group>";
		};
		AA397D2B211E5485008D9B8F /* Protocols */ = {
			isa = PBXGroup;
			children = (
				AA397D2C211E5490008D9B8F /* Appliable.swift */,
			);
			path = Protocols;
			sourceTree = "<group>";
		};
		AA397D2E211E55A7008D9B8F /* Atoms */ = {
			isa = PBXGroup;
			children = (
			);
			path = Atoms;
			sourceTree = "<group>";
		};
		AA397D2F211E55AC008D9B8F /* Molecules */ = {
			isa = PBXGroup;
			children = (
				AA397D30211E55BE008D9B8F /* MapToolbar.swift */,
			);
			path = Molecules;
			sourceTree = "<group>";
		};
		AA397D35211E7179008D9B8F /* Frameworks */ = {
			isa = PBXGroup;
			children = (
				AA397D39211E7179008D9B8F /* Realm.framework */,
				AA397D38211E7179008D9B8F /* RealmSwift.framework */,
				AA397D67211E9818008D9B8F /* RxBlocking.framework */,
				AA397D36211E7179008D9B8F /* RxSwift.framework */,
				AA397D66211E9818008D9B8F /* RxTest.framework */,
				AA397D37211E7179008D9B8F /* SnapKit.framework */,
			);
			name = Frameworks;
			sourceTree = "<group>";
		};
		AA397D40211E73F2008D9B8F /* Sources */ = {
			isa = PBXGroup;
			children = (
				AA397D26211E46F0008D9B8F /* Infrastructure */,
				AA397D27211E46F9008D9B8F /* Domain */,
				AA397D24211E46E1008D9B8F /* Application */,
				AA397D25211E46E9008D9B8F /* Presentation */,
			);
			path = Sources;
			sourceTree = "<group>";
		};
		AA397D41211E73FF008D9B8F /* Resources */ = {
			isa = PBXGroup;
			children = (
				AA397D42211E740D008D9B8F /* Assets.xcassets */,
			);
			path = Resources;
			sourceTree = "<group>";
		};
		AA397D48211E786E008D9B8F /* Map */ = {
			isa = PBXGroup;
			children = (
				AA397D29211E47FB008D9B8F /* MapViewController.swift */,
				AAF887F02129117E004EB703 /* MapViewModel.swift */,
			);
			path = Map;
			sourceTree = "<group>";
		};
		AA397D49211E7879008D9B8F /* TargetList */ = {
			isa = PBXGroup;
			children = (
				AA397D46211E75E3008D9B8F /* TargetListViewController.swift */,
				AA397D57211E7E35008D9B8F /* TargetListViewModel.swift */,
			);
			path = TargetList;
			sourceTree = "<group>";
		};
		AA397D4C211E7AA3008D9B8F /* Entities */ = {
			isa = PBXGroup;
			children = (
				AA397D50211E7AEB008D9B8F /* TargetEntity.swift */,
				AA397D7E211EDD0E008D9B8F /* PlaceEntity.swift */,
			);
			path = Entities;
			sourceTree = "<group>";
		};
		AA397D54211E7D89008D9B8F /* Repositories */ = {
			isa = PBXGroup;
			children = (
				AA397D55211E7D96008D9B8F /* TargetRepository.swift */,
				AA397D81211EE085008D9B8F /* PlaceRepository.swift */,
			);
			path = Repositories;
			sourceTree = "<group>";
		};
		AA397D5B211E7FDE008D9B8F /* Models */ = {
			isa = PBXGroup;
			children = (
				AA397D59211E7FD9008D9B8F /* ApplicationError.swift */,
			);
			path = Models;
			sourceTree = "<group>";
		};
		AA397D5C211E966A008D9B8F /* Presentation */ = {
			isa = PBXGroup;
			children = (
				AA397D5D211E9677008D9B8F /* Pages */,
			);
			path = Presentation;
			sourceTree = "<group>";
		};
		AA397D5D211E9677008D9B8F /* Pages */ = {
			isa = PBXGroup;
			children = (
				AA397D5E211E967D008D9B8F /* TargetList */,
			);
			path = Pages;
			sourceTree = "<group>";
		};
		AA397D5E211E967D008D9B8F /* TargetList */ = {
			isa = PBXGroup;
			children = (
				AA397D5F211E9699008D9B8F /* TargetListViewModelTest.swift */,
			);
			path = TargetList;
			sourceTree = "<group>";
		};
		AA397D6A211E9AD1008D9B8F /* TestHelpers */ = {
			isa = PBXGroup;
			children = (
			);
			path = TestHelpers;
			sourceTree = "<group>";
		};
		AA397D76211EB2C3008D9B8F /* Templates */ = {
			isa = PBXGroup;
			children = (
				AA397D77211EB2D3008D9B8F /* TargetListView.swift */,
				AA3228FA21292A3F00E3BED7 /* PlaceView.swift */,
			);
			path = Templates;
			sourceTree = "<group>";
		};
		AA397D79211EB4EC008D9B8F /* Extensions */ = {
			isa = PBXGroup;
			children = (
				AA397D7A211EB4FB008D9B8F /* UICollectionViewExtension.swift */,
				AA397D7C211EC33C008D9B8F /* UserDefaultsExtension.swift */,
				AA3228F52129263100E3BED7 /* UIColorExtension.swift */,
			);
			path = Extensions;
			sourceTree = "<group>";
		};
		AA397D80211EDDDA008D9B8F /* DependencyInjection */ = {
			isa = PBXGroup;
			children = (
				AA397D72211EAFD8008D9B8F /* UUIDGenerator.swift */,
				AA397D74211EB1E3008D9B8F /* DateGenerator.swift */,
			);
			path = DependencyInjection;
			sourceTree = "<group>";
		};
		AAF887E421255410004EB703 /* Web */ = {
			isa = PBXGroup;
			children = (
				AAF887E92127D272004EB703 /* Requests */,
				AAF887EA2127D279004EB703 /* Responses */,
				AAF887E721255463004EB703 /* WebService.swift */,
			);
			path = Web;
			sourceTree = "<group>";
		};
		AAF887E521255437004EB703 /* Database */ = {
			isa = PBXGroup;
			children = (
				AA397D4C211E7AA3008D9B8F /* Entities */,
			);
			path = Database;
			sourceTree = "<group>";
		};
		AAF887E92127D272004EB703 /* Requests */ = {
			isa = PBXGroup;
			children = (
			);
			path = Requests;
			sourceTree = "<group>";
		};
		AAF887EA2127D279004EB703 /* Responses */ = {
			isa = PBXGroup;
			children = (
			);
			path = Responses;
			sourceTree = "<group>";
		};
		AAF887ED2127D5F3004EB703 /* Models */ = {
			isa = PBXGroup;
			children = (
				AAF887EE2127D5FA004EB703 /* JSON.swift */,
				AA3228FE21292E5600E3BED7 /* PropertyList.swift */,
			);
			path = Models;
			sourceTree = "<group>";
		};
/* End PBXGroup section */

/* Begin PBXHeadersBuildPhase section */
		AA397D03211E46BE008D9B8F /* Headers */ = {
			isa = PBXHeadersBuildPhase;
			buildActionMask = 2147483647;
			files = (
				AA397D18211E46BF008D9B8F /* LoadMAPKit.h in Headers */,
			);
			runOnlyForDeploymentPostprocessing = 0;
		};
/* End PBXHeadersBuildPhase section */

/* Begin PBXNativeTarget section */
		AA113CD5211E43B4002F5D92 /* LoadMAP */ = {
			isa = PBXNativeTarget;
			buildConfigurationList = AA113CF3211E43B9002F5D92 /* Build configuration list for PBXNativeTarget "LoadMAP" */;
			buildPhases = (
				AA113CD2211E43B4002F5D92 /* Sources */,
				AA113CD3211E43B4002F5D92 /* Frameworks */,
				AA113CD4211E43B4002F5D92 /* Resources */,
				AA397D20211E46BF008D9B8F /* Embed Frameworks */,
				AA397D852123EB2F008D9B8F /* Run Script - carthage copy-frameworks */,
			);
			buildRules = (
			);
			dependencies = (
				AA397D1A211E46BF008D9B8F /* PBXTargetDependency */,
			);
			name = LoadMAP;
			productName = LoadMAP;
			productReference = AA113CD6211E43B4002F5D92 /* LoadMAP.app */;
			productType = "com.apple.product-type.application";
		};
		AA113CE9211E43B9002F5D92 /* LoadMAPUITests */ = {
			isa = PBXNativeTarget;
			buildConfigurationList = AA113CF6211E43B9002F5D92 /* Build configuration list for PBXNativeTarget "LoadMAPUITests" */;
			buildPhases = (
				AA113CE6211E43B9002F5D92 /* Sources */,
				AA113CE7211E43B9002F5D92 /* Frameworks */,
				AA113CE8211E43B9002F5D92 /* Resources */,
			);
			buildRules = (
			);
			dependencies = (
				AA113CEC211E43B9002F5D92 /* PBXTargetDependency */,
			);
			name = LoadMAPUITests;
			productName = LoadMAPUITests;
			productReference = AA113CEA211E43B9002F5D92 /* LoadMAPUITests.xctest */;
			productType = "com.apple.product-type.bundle.ui-testing";
		};
		AA397D05211E46BE008D9B8F /* LoadMAPKit */ = {
			isa = PBXNativeTarget;
			buildConfigurationList = AA397D1D211E46BF008D9B8F /* Build configuration list for PBXNativeTarget "LoadMAPKit" */;
			buildPhases = (
				AA397D01211E46BE008D9B8F /* Sources */,
				AA397D02211E46BE008D9B8F /* Frameworks */,
				AA397D03211E46BE008D9B8F /* Headers */,
				AA397D04211E46BE008D9B8F /* Resources */,
			);
			buildRules = (
			);
			dependencies = (
			);
			name = LoadMAPKit;
			productName = LoadMAPKit;
			productReference = AA397D06211E46BE008D9B8F /* LoadMAPKit.framework */;
			productType = "com.apple.product-type.framework";
		};
		AA397D0D211E46BF008D9B8F /* LoadMAPKitTests */ = {
			isa = PBXNativeTarget;
			buildConfigurationList = AA397D21211E46BF008D9B8F /* Build configuration list for PBXNativeTarget "LoadMAPKitTests" */;
			buildPhases = (
				AA397D0A211E46BF008D9B8F /* Sources */,
				AA397D0B211E46BF008D9B8F /* Frameworks */,
				AA397D0C211E46BF008D9B8F /* Resources */,
				AA397D61211E978B008D9B8F /* Copy Frameworks */,
			);
			buildRules = (
			);
			dependencies = (
				AA397D11211E46BF008D9B8F /* PBXTargetDependency */,
				AA397D13211E46BF008D9B8F /* PBXTargetDependency */,
			);
			name = LoadMAPKitTests;
			productName = LoadMAPKitTests;
			productReference = AA397D0E211E46BF008D9B8F /* LoadMAPKitTests.xctest */;
			productType = "com.apple.product-type.bundle.unit-test";
		};
/* End PBXNativeTarget section */

/* Begin PBXProject section */
		AA113CCE211E43B4002F5D92 /* Project object */ = {
			isa = PBXProject;
			attributes = {
				LastSwiftUpdateCheck = 0940;
				LastUpgradeCheck = 0940;
				TargetAttributes = {
					AA113CD5211E43B4002F5D92 = {
						CreatedOnToolsVersion = 9.4.1;
					};
					AA113CE9211E43B9002F5D92 = {
						CreatedOnToolsVersion = 9.4.1;
						TestTargetID = AA113CD5211E43B4002F5D92;
					};
					AA397D05211E46BE008D9B8F = {
						CreatedOnToolsVersion = 9.4.1;
					};
					AA397D0D211E46BF008D9B8F = {
						CreatedOnToolsVersion = 9.4.1;
					};
				};
			};
			buildConfigurationList = AA113CD1211E43B4002F5D92 /* Build configuration list for PBXProject "LoadMAP" */;
			compatibilityVersion = "Xcode 9.3";
			developmentRegion = en;
			hasScannedForEncodings = 0;
			knownRegions = (
				en,
				Base,
			);
			mainGroup = AA113CCD211E43B4002F5D92;
			productRefGroup = AA113CD7211E43B4002F5D92 /* Products */;
			projectDirPath = "";
			projectRoot = "";
			targets = (
				AA113CD5211E43B4002F5D92 /* LoadMAP */,
				AA113CE9211E43B9002F5D92 /* LoadMAPUITests */,
				AA397D05211E46BE008D9B8F /* LoadMAPKit */,
				AA397D0D211E46BF008D9B8F /* LoadMAPKitTests */,
			);
		};
/* End PBXProject section */

/* Begin PBXResourcesBuildPhase section */
		AA113CD4211E43B4002F5D92 /* Resources */ = {
			isa = PBXResourcesBuildPhase;
			buildActionMask = 2147483647;
			files = (
				AA113CE4211E43B8002F5D92 /* LaunchScreen.storyboard in Resources */,
				AA113CE1211E43B8002F5D92 /* Assets.xcassets in Resources */,
				AA113CDF211E43B4002F5D92 /* Main.storyboard in Resources */,
			);
			runOnlyForDeploymentPostprocessing = 0;
		};
		AA113CE8211E43B9002F5D92 /* Resources */ = {
			isa = PBXResourcesBuildPhase;
			buildActionMask = 2147483647;
			files = (
			);
			runOnlyForDeploymentPostprocessing = 0;
		};
		AA397D04211E46BE008D9B8F /* Resources */ = {
			isa = PBXResourcesBuildPhase;
			buildActionMask = 2147483647;
			files = (
				AA397D43211E740D008D9B8F /* Assets.xcassets in Resources */,
			);
			runOnlyForDeploymentPostprocessing = 0;
		};
		AA397D0C211E46BF008D9B8F /* Resources */ = {
			isa = PBXResourcesBuildPhase;
			buildActionMask = 2147483647;
			files = (
			);
			runOnlyForDeploymentPostprocessing = 0;
		};
/* End PBXResourcesBuildPhase section */

/* Begin PBXShellScriptBuildPhase section */
		AA397D852123EB2F008D9B8F /* Run Script - carthage copy-frameworks */ = {
			isa = PBXShellScriptBuildPhase;
			buildActionMask = 2147483647;
			files = (
			);
			inputPaths = (
				"$(SRCROOT)/Carthage/Build/iOS/Realm.framework",
				"$(SRCROOT)/Carthage/Build/iOS/RealmSwift.framework",
				"$(SRCROOT)/Carthage/Build/iOS/RxSwift.framework",
				"$(SRCROOT)/Carthage/Build/iOS/SnapKit.framework",
			);
			name = "Run Script - carthage copy-frameworks";
			outputPaths = (
				"$(BUILT_PRODUCTS_DIR)/$(FRAMEWORKS_FOLDER_PATH)/Realm.framework",
				"$(BUILT_PRODUCTS_DIR)/$(FRAMEWORKS_FOLDER_PATH)/RealmSwift.framework",
				"$(BUILT_PRODUCTS_DIR)/$(FRAMEWORKS_FOLDER_PATH)/RxSwift.framework",
				"$(BUILT_PRODUCTS_DIR)/$(FRAMEWORKS_FOLDER_PATH)/SnapKit.framework",
			);
			runOnlyForDeploymentPostprocessing = 0;
			shellPath = /bin/sh;
			shellScript = "/usr/local/bin/carthage copy-frameworks";
			showEnvVarsInLog = 0;
		};
/* End PBXShellScriptBuildPhase section */

/* Begin PBXSourcesBuildPhase section */
		AA113CD2211E43B4002F5D92 /* Sources */ = {
			isa = PBXSourcesBuildPhase;
			buildActionMask = 2147483647;
			files = (
				AA113CDA211E43B4002F5D92 /* AppDelegate.swift in Sources */,
			);
			runOnlyForDeploymentPostprocessing = 0;
		};
		AA113CE6211E43B9002F5D92 /* Sources */ = {
			isa = PBXSourcesBuildPhase;
			buildActionMask = 2147483647;
			files = (
				AA113CEF211E43B9002F5D92 /* LoadMAPUITests.swift in Sources */,
			);
			runOnlyForDeploymentPostprocessing = 0;
		};
		AA397D01211E46BE008D9B8F /* Sources */ = {
			isa = PBXSourcesBuildPhase;
			buildActionMask = 2147483647;
			files = (
				AA397D7F211EDD0E008D9B8F /* PlaceEntity.swift in Sources */,
				AA397D51211E7AEB008D9B8F /* TargetEntity.swift in Sources */,
				AA397D78211EB2D3008D9B8F /* TargetListView.swift in Sources */,
				AA397D82211EE085008D9B8F /* PlaceRepository.swift in Sources */,
				AA3228F62129263100E3BED7 /* UIColorExtension.swift in Sources */,
				AA397D33211E598D008D9B8F /* MapToolbar.swift in Sources */,
				AA397D34211E5991008D9B8F /* MapViewController.swift in Sources */,
				AA397D7B211EB4FB008D9B8F /* UICollectionViewExtension.swift in Sources */,
				AA3228F8212928CA00E3BED7 /* PlaceViewController.swift in Sources */,
				AA3228FB21292A3F00E3BED7 /* PlaceView.swift in Sources */,
				AA3228FF21292E5600E3BED7 /* PropertyList.swift in Sources */,
				AA397D58211E7E35008D9B8F /* TargetListViewModel.swift in Sources */,
				AA397D56211E7D96008D9B8F /* TargetRepository.swift in Sources */,
				AA397D32211E5986008D9B8F /* Appliable.swift in Sources */,
				AAF887E821255463004EB703 /* WebService.swift in Sources */,
				AA3228FD21292BD900E3BED7 /* PlaceViewModel.swift in Sources */,
				AA397D47211E75E3008D9B8F /* TargetListViewController.swift in Sources */,
				AA397D75211EB1E3008D9B8F /* DateGenerator.swift in Sources */,
				AA397D73211EAFD8008D9B8F /* UUIDGenerator.swift in Sources */,
				AAF887EF2127D5FA004EB703 /* JSON.swift in Sources */,
				AA397D5A211E7FD9008D9B8F /* ApplicationError.swift in Sources */,
				AA397D7D211EC33C008D9B8F /* UserDefaultsExtension.swift in Sources */,
				AAF887F12129117E004EB703 /* MapViewModel.swift in Sources */,
			);
			runOnlyForDeploymentPostprocessing = 0;
		};
		AA397D0A211E46BF008D9B8F /* Sources */ = {
			isa = PBXSourcesBuildPhase;
			buildActionMask = 2147483647;
			files = (
				AA397D16211E46BF008D9B8F /* LoadMAPKitTests.swift in Sources */,
				AA397D60211E9699008D9B8F /* TargetListViewModelTest.swift in Sources */,
			);
			runOnlyForDeploymentPostprocessing = 0;
		};
/* End PBXSourcesBuildPhase section */

/* Begin PBXTargetDependency section */
		AA113CEC211E43B9002F5D92 /* PBXTargetDependency */ = {
			isa = PBXTargetDependency;
			target = AA113CD5211E43B4002F5D92 /* LoadMAP */;
			targetProxy = AA113CEB211E43B9002F5D92 /* PBXContainerItemProxy */;
		};
		AA397D11211E46BF008D9B8F /* PBXTargetDependency */ = {
			isa = PBXTargetDependency;
			target = AA397D05211E46BE008D9B8F /* LoadMAPKit */;
			targetProxy = AA397D10211E46BF008D9B8F /* PBXContainerItemProxy */;
		};
		AA397D13211E46BF008D9B8F /* PBXTargetDependency */ = {
			isa = PBXTargetDependency;
			target = AA113CD5211E43B4002F5D92 /* LoadMAP */;
			targetProxy = AA397D12211E46BF008D9B8F /* PBXContainerItemProxy */;
		};
		AA397D1A211E46BF008D9B8F /* PBXTargetDependency */ = {
			isa = PBXTargetDependency;
			target = AA397D05211E46BE008D9B8F /* LoadMAPKit */;
			targetProxy = AA397D19211E46BF008D9B8F /* PBXContainerItemProxy */;
		};
/* End PBXTargetDependency section */

/* Begin PBXVariantGroup section */
		AA113CDD211E43B4002F5D92 /* Main.storyboard */ = {
			isa = PBXVariantGroup;
			children = (
				AA113CDE211E43B4002F5D92 /* Base */,
			);
			name = Main.storyboard;
			sourceTree = "<group>";
		};
		AA113CE2211E43B8002F5D92 /* LaunchScreen.storyboard */ = {
			isa = PBXVariantGroup;
			children = (
				AA113CE3211E43B8002F5D92 /* Base */,
			);
			name = LaunchScreen.storyboard;
			sourceTree = "<group>";
		};
/* End PBXVariantGroup section */

/* Begin XCBuildConfiguration section */
		AA113CF1211E43B9002F5D92 /* Debug */ = {
			isa = XCBuildConfiguration;
			buildSettings = {
				ALWAYS_SEARCH_USER_PATHS = NO;
				CLANG_ANALYZER_NONNULL = YES;
				CLANG_ANALYZER_NUMBER_OBJECT_CONVERSION = YES_AGGRESSIVE;
				CLANG_CXX_LANGUAGE_STANDARD = "gnu++14";
				CLANG_CXX_LIBRARY = "libc++";
				CLANG_ENABLE_MODULES = YES;
				CLANG_ENABLE_OBJC_ARC = YES;
				CLANG_ENABLE_OBJC_WEAK = YES;
				CLANG_WARN_BLOCK_CAPTURE_AUTORELEASING = YES;
				CLANG_WARN_BOOL_CONVERSION = YES;
				CLANG_WARN_COMMA = YES;
				CLANG_WARN_CONSTANT_CONVERSION = YES;
				CLANG_WARN_DEPRECATED_OBJC_IMPLEMENTATIONS = YES;
				CLANG_WARN_DIRECT_OBJC_ISA_USAGE = YES_ERROR;
				CLANG_WARN_DOCUMENTATION_COMMENTS = YES;
				CLANG_WARN_EMPTY_BODY = YES;
				CLANG_WARN_ENUM_CONVERSION = YES;
				CLANG_WARN_INFINITE_RECURSION = YES;
				CLANG_WARN_INT_CONVERSION = YES;
				CLANG_WARN_NON_LITERAL_NULL_CONVERSION = YES;
				CLANG_WARN_OBJC_IMPLICIT_RETAIN_SELF = YES;
				CLANG_WARN_OBJC_LITERAL_CONVERSION = YES;
				CLANG_WARN_OBJC_ROOT_CLASS = YES_ERROR;
				CLANG_WARN_RANGE_LOOP_ANALYSIS = YES;
				CLANG_WARN_STRICT_PROTOTYPES = YES;
				CLANG_WARN_SUSPICIOUS_MOVE = YES;
				CLANG_WARN_UNGUARDED_AVAILABILITY = YES_AGGRESSIVE;
				CLANG_WARN_UNREACHABLE_CODE = YES;
				CLANG_WARN__DUPLICATE_METHOD_MATCH = YES;
				CODE_SIGN_IDENTITY = "iPhone Developer";
				COPY_PHASE_STRIP = NO;
				DEBUG_INFORMATION_FORMAT = dwarf;
				ENABLE_STRICT_OBJC_MSGSEND = YES;
				ENABLE_TESTABILITY = YES;
				GCC_C_LANGUAGE_STANDARD = gnu11;
				GCC_DYNAMIC_NO_PIC = NO;
				GCC_NO_COMMON_BLOCKS = YES;
				GCC_OPTIMIZATION_LEVEL = 0;
				GCC_PREPROCESSOR_DEFINITIONS = (
					"DEBUG=1",
					"$(inherited)",
				);
				GCC_WARN_64_TO_32_BIT_CONVERSION = YES;
				GCC_WARN_ABOUT_RETURN_TYPE = YES_ERROR;
				GCC_WARN_UNDECLARED_SELECTOR = YES;
				GCC_WARN_UNINITIALIZED_AUTOS = YES_AGGRESSIVE;
				GCC_WARN_UNUSED_FUNCTION = YES;
				GCC_WARN_UNUSED_VARIABLE = YES;
				IPHONEOS_DEPLOYMENT_TARGET = 11.4;
				MTL_ENABLE_DEBUG_INFO = YES;
				ONLY_ACTIVE_ARCH = YES;
				SDKROOT = iphoneos;
				SWIFT_ACTIVE_COMPILATION_CONDITIONS = DEBUG;
				SWIFT_OPTIMIZATION_LEVEL = "-Onone";
			};
			name = Debug;
		};
		AA113CF2211E43B9002F5D92 /* Release */ = {
			isa = XCBuildConfiguration;
			buildSettings = {
				ALWAYS_SEARCH_USER_PATHS = NO;
				CLANG_ANALYZER_NONNULL = YES;
				CLANG_ANALYZER_NUMBER_OBJECT_CONVERSION = YES_AGGRESSIVE;
				CLANG_CXX_LANGUAGE_STANDARD = "gnu++14";
				CLANG_CXX_LIBRARY = "libc++";
				CLANG_ENABLE_MODULES = YES;
				CLANG_ENABLE_OBJC_ARC = YES;
				CLANG_ENABLE_OBJC_WEAK = YES;
				CLANG_WARN_BLOCK_CAPTURE_AUTORELEASING = YES;
				CLANG_WARN_BOOL_CONVERSION = YES;
				CLANG_WARN_COMMA = YES;
				CLANG_WARN_CONSTANT_CONVERSION = YES;
				CLANG_WARN_DEPRECATED_OBJC_IMPLEMENTATIONS = YES;
				CLANG_WARN_DIRECT_OBJC_ISA_USAGE = YES_ERROR;
				CLANG_WARN_DOCUMENTATION_COMMENTS = YES;
				CLANG_WARN_EMPTY_BODY = YES;
				CLANG_WARN_ENUM_CONVERSION = YES;
				CLANG_WARN_INFINITE_RECURSION = YES;
				CLANG_WARN_INT_CONVERSION = YES;
				CLANG_WARN_NON_LITERAL_NULL_CONVERSION = YES;
				CLANG_WARN_OBJC_IMPLICIT_RETAIN_SELF = YES;
				CLANG_WARN_OBJC_LITERAL_CONVERSION = YES;
				CLANG_WARN_OBJC_ROOT_CLASS = YES_ERROR;
				CLANG_WARN_RANGE_LOOP_ANALYSIS = YES;
				CLANG_WARN_STRICT_PROTOTYPES = YES;
				CLANG_WARN_SUSPICIOUS_MOVE = YES;
				CLANG_WARN_UNGUARDED_AVAILABILITY = YES_AGGRESSIVE;
				CLANG_WARN_UNREACHABLE_CODE = YES;
				CLANG_WARN__DUPLICATE_METHOD_MATCH = YES;
				CODE_SIGN_IDENTITY = "iPhone Developer";
				COPY_PHASE_STRIP = NO;
				DEBUG_INFORMATION_FORMAT = "dwarf-with-dsym";
				ENABLE_NS_ASSERTIONS = NO;
				ENABLE_STRICT_OBJC_MSGSEND = YES;
				GCC_C_LANGUAGE_STANDARD = gnu11;
				GCC_NO_COMMON_BLOCKS = YES;
				GCC_WARN_64_TO_32_BIT_CONVERSION = YES;
				GCC_WARN_ABOUT_RETURN_TYPE = YES_ERROR;
				GCC_WARN_UNDECLARED_SELECTOR = YES;
				GCC_WARN_UNINITIALIZED_AUTOS = YES_AGGRESSIVE;
				GCC_WARN_UNUSED_FUNCTION = YES;
				GCC_WARN_UNUSED_VARIABLE = YES;
				IPHONEOS_DEPLOYMENT_TARGET = 11.4;
				MTL_ENABLE_DEBUG_INFO = NO;
				SDKROOT = iphoneos;
				SWIFT_COMPILATION_MODE = wholemodule;
				SWIFT_OPTIMIZATION_LEVEL = "-O";
				VALIDATE_PRODUCT = YES;
			};
			name = Release;
		};
		AA113CF4211E43B9002F5D92 /* Debug */ = {
			isa = XCBuildConfiguration;
			buildSettings = {
				ALWAYS_EMBED_SWIFT_STANDARD_LIBRARIES = YES;
				ASSETCATALOG_COMPILER_APPICON_NAME = AppIcon;
				CODE_SIGN_STYLE = Automatic;
				FRAMEWORK_SEARCH_PATHS = (
					"$(inherited)",
					"$(PROJECT_DIR)/Carthage/Build/iOS",
				);
				INFOPLIST_FILE = LoadMAP/Info.plist;
				LD_RUNPATH_SEARCH_PATHS = (
					"$(inherited)",
					"@executable_path/Frameworks",
				);
				PRODUCT_BUNDLE_IDENTIFIER = me.ynagai.LoadMAP;
				PRODUCT_NAME = "$(TARGET_NAME)";
				SWIFT_VERSION = 4.0;
				TARGETED_DEVICE_FAMILY = "1,2";
			};
			name = Debug;
		};
		AA113CF5211E43B9002F5D92 /* Release */ = {
			isa = XCBuildConfiguration;
			buildSettings = {
				ALWAYS_EMBED_SWIFT_STANDARD_LIBRARIES = YES;
				ASSETCATALOG_COMPILER_APPICON_NAME = AppIcon;
				CODE_SIGN_STYLE = Automatic;
				FRAMEWORK_SEARCH_PATHS = (
					"$(inherited)",
					"$(PROJECT_DIR)/Carthage/Build/iOS",
				);
				INFOPLIST_FILE = LoadMAP/Info.plist;
				LD_RUNPATH_SEARCH_PATHS = (
					"$(inherited)",
					"@executable_path/Frameworks",
				);
				PRODUCT_BUNDLE_IDENTIFIER = me.ynagai.LoadMAP;
				PRODUCT_NAME = "$(TARGET_NAME)";
				SWIFT_VERSION = 4.0;
				TARGETED_DEVICE_FAMILY = "1,2";
			};
			name = Release;
		};
		AA113CF7211E43B9002F5D92 /* Debug */ = {
			isa = XCBuildConfiguration;
			buildSettings = {
				ALWAYS_EMBED_SWIFT_STANDARD_LIBRARIES = YES;
				CODE_SIGN_STYLE = Automatic;
				INFOPLIST_FILE = LoadMAPUITests/Info.plist;
				LD_RUNPATH_SEARCH_PATHS = (
					"$(inherited)",
					"@executable_path/Frameworks",
					"@loader_path/Frameworks",
				);
				PRODUCT_BUNDLE_IDENTIFIER = me.ynagai.LoadMAPUITests;
				PRODUCT_NAME = "$(TARGET_NAME)";
				SWIFT_VERSION = 4.0;
				TARGETED_DEVICE_FAMILY = "1,2";
				TEST_TARGET_NAME = LoadMAP;
			};
			name = Debug;
		};
		AA113CF8211E43B9002F5D92 /* Release */ = {
			isa = XCBuildConfiguration;
			buildSettings = {
				ALWAYS_EMBED_SWIFT_STANDARD_LIBRARIES = YES;
				CODE_SIGN_STYLE = Automatic;
				INFOPLIST_FILE = LoadMAPUITests/Info.plist;
				LD_RUNPATH_SEARCH_PATHS = (
					"$(inherited)",
					"@executable_path/Frameworks",
					"@loader_path/Frameworks",
				);
				PRODUCT_BUNDLE_IDENTIFIER = me.ynagai.LoadMAPUITests;
				PRODUCT_NAME = "$(TARGET_NAME)";
				SWIFT_VERSION = 4.0;
				TARGETED_DEVICE_FAMILY = "1,2";
				TEST_TARGET_NAME = LoadMAP;
			};
			name = Release;
		};
		AA397D1E211E46BF008D9B8F /* Debug */ = {
			isa = XCBuildConfiguration;
			buildSettings = {
				CODE_SIGN_IDENTITY = "";
				CODE_SIGN_STYLE = Automatic;
				CURRENT_PROJECT_VERSION = 1;
				DEFINES_MODULE = YES;
				DYLIB_COMPATIBILITY_VERSION = 1;
				DYLIB_CURRENT_VERSION = 1;
				DYLIB_INSTALL_NAME_BASE = "@rpath";
				FRAMEWORK_SEARCH_PATHS = (
					"$(inherited)",
					"$(PROJECT_DIR)/Carthage/Build/iOS",
				);
				INFOPLIST_FILE = LoadMAPKit/Info.plist;
				INSTALL_PATH = "$(LOCAL_LIBRARY_DIR)/Frameworks";
				LD_RUNPATH_SEARCH_PATHS = (
					"$(inherited)",
					"@executable_path/Frameworks",
					"@loader_path/Frameworks",
				);
				PRODUCT_BUNDLE_IDENTIFIER = me.ynagai.LoadMAPKit;
				PRODUCT_NAME = "$(TARGET_NAME:c99extidentifier)";
				SKIP_INSTALL = YES;
				SWIFT_VERSION = 4.0;
				TARGETED_DEVICE_FAMILY = "1,2";
				VERSIONING_SYSTEM = "apple-generic";
				VERSION_INFO_PREFIX = "";
			};
			name = Debug;
		};
		AA397D1F211E46BF008D9B8F /* Release */ = {
			isa = XCBuildConfiguration;
			buildSettings = {
				CODE_SIGN_IDENTITY = "";
				CODE_SIGN_STYLE = Automatic;
				CURRENT_PROJECT_VERSION = 1;
				DEFINES_MODULE = YES;
				DYLIB_COMPATIBILITY_VERSION = 1;
				DYLIB_CURRENT_VERSION = 1;
				DYLIB_INSTALL_NAME_BASE = "@rpath";
				FRAMEWORK_SEARCH_PATHS = (
					"$(inherited)",
					"$(PROJECT_DIR)/Carthage/Build/iOS",
				);
				INFOPLIST_FILE = LoadMAPKit/Info.plist;
				INSTALL_PATH = "$(LOCAL_LIBRARY_DIR)/Frameworks";
				LD_RUNPATH_SEARCH_PATHS = (
					"$(inherited)",
					"@executable_path/Frameworks",
					"@loader_path/Frameworks",
				);
				PRODUCT_BUNDLE_IDENTIFIER = me.ynagai.LoadMAPKit;
				PRODUCT_NAME = "$(TARGET_NAME:c99extidentifier)";
				SKIP_INSTALL = YES;
				SWIFT_VERSION = 4.0;
				TARGETED_DEVICE_FAMILY = "1,2";
				VERSIONING_SYSTEM = "apple-generic";
				VERSION_INFO_PREFIX = "";
			};
			name = Release;
		};
		AA397D22211E46BF008D9B8F /* Debug */ = {
			isa = XCBuildConfiguration;
			buildSettings = {
				ALWAYS_EMBED_SWIFT_STANDARD_LIBRARIES = YES;
				CODE_SIGN_STYLE = Automatic;
				FRAMEWORK_SEARCH_PATHS = (
					"$(inherited)",
					"$(PROJECT_DIR)/Carthage/Build/iOS",
				);
				INFOPLIST_FILE = LoadMAPKitTests/Info.plist;
				LD_RUNPATH_SEARCH_PATHS = (
					"$(inherited)",
					"@executable_path/Frameworks",
					"@loader_path/Frameworks",
				);
				PRODUCT_BUNDLE_IDENTIFIER = me.ynagai.LoadMAPKitTests;
				PRODUCT_NAME = "$(TARGET_NAME)";
				SWIFT_VERSION = 4.0;
				TARGETED_DEVICE_FAMILY = "1,2";
			};
			name = Debug;
		};
		AA397D23211E46BF008D9B8F /* Release */ = {
			isa = XCBuildConfiguration;
			buildSettings = {
				ALWAYS_EMBED_SWIFT_STANDARD_LIBRARIES = YES;
				CODE_SIGN_STYLE = Automatic;
				FRAMEWORK_SEARCH_PATHS = (
					"$(inherited)",
					"$(PROJECT_DIR)/Carthage/Build/iOS",
				);
				INFOPLIST_FILE = LoadMAPKitTests/Info.plist;
				LD_RUNPATH_SEARCH_PATHS = (
					"$(inherited)",
					"@executable_path/Frameworks",
					"@loader_path/Frameworks",
				);
				PRODUCT_BUNDLE_IDENTIFIER = me.ynagai.LoadMAPKitTests;
				PRODUCT_NAME = "$(TARGET_NAME)";
				SWIFT_VERSION = 4.0;
				TARGETED_DEVICE_FAMILY = "1,2";
			};
			name = Release;
		};
/* End XCBuildConfiguration section */

/* Begin XCConfigurationList section */
		AA113CD1211E43B4002F5D92 /* Build configuration list for PBXProject "LoadMAP" */ = {
			isa = XCConfigurationList;
			buildConfigurations = (
				AA113CF1211E43B9002F5D92 /* Debug */,
				AA113CF2211E43B9002F5D92 /* Release */,
			);
			defaultConfigurationIsVisible = 0;
			defaultConfigurationName = Release;
		};
		AA113CF3211E43B9002F5D92 /* Build configuration list for PBXNativeTarget "LoadMAP" */ = {
			isa = XCConfigurationList;
			buildConfigurations = (
				AA113CF4211E43B9002F5D92 /* Debug */,
				AA113CF5211E43B9002F5D92 /* Release */,
			);
			defaultConfigurationIsVisible = 0;
			defaultConfigurationName = Release;
		};
		AA113CF6211E43B9002F5D92 /* Build configuration list for PBXNativeTarget "LoadMAPUITests" */ = {
			isa = XCConfigurationList;
			buildConfigurations = (
				AA113CF7211E43B9002F5D92 /* Debug */,
				AA113CF8211E43B9002F5D92 /* Release */,
			);
			defaultConfigurationIsVisible = 0;
			defaultConfigurationName = Release;
		};
		AA397D1D211E46BF008D9B8F /* Build configuration list for PBXNativeTarget "LoadMAPKit" */ = {
			isa = XCConfigurationList;
			buildConfigurations = (
				AA397D1E211E46BF008D9B8F /* Debug */,
				AA397D1F211E46BF008D9B8F /* Release */,
			);
			defaultConfigurationIsVisible = 0;
			defaultConfigurationName = Release;
		};
		AA397D21211E46BF008D9B8F /* Build configuration list for PBXNativeTarget "LoadMAPKitTests" */ = {
			isa = XCConfigurationList;
			buildConfigurations = (
				AA397D22211E46BF008D9B8F /* Debug */,
				AA397D23211E46BF008D9B8F /* Release */,
			);
			defaultConfigurationIsVisible = 0;
			defaultConfigurationName = Release;
		};
/* End XCConfigurationList section */
	};
	rootObject = AA113CCE211E43B4002F5D92 /* Project object */;
}
